
Microsoft Visual Studio Solution File, Format Version 12.00
# Visual Studio Version 17
VisualStudioVersion = 17.6.33815.320
MinimumVisualStudioVersion = 10.0.40219.1
Project("{FAE04EC0-301F-11D3-BF4B-00C04F79EFBC}") = "Laboratorio02_ejericio10 ventana", "Laboratorio02_ejericio10 ventana.csproj", "{1CFC76F8-D1E3-47A5-8480-7548224EA4EB}"
EndProject
Global
	GlobalSection(SolutionConfigurationPlatforms) = preSolution
		Debug|Any CPU = Debug|Any CPU
		Release|Any CPU = Release|Any CPU
	EndGlobalSection
	GlobalSection(ProjectConfigurationPlatforms) = postSolution
		{1CFC76F8-D1E3-47A5-8480-7548224EA4EB}.Debug|Any CPU.ActiveCfg = Debug|Any CPU
		{1CFC76F8-D1E3-47A5-8480-7548224EA4EB}.Debug|Any CPU.Build.0 = Debug|Any CPU
		{1CFC76F8-D1E3-47A5-8480-7548224EA4EB}.Release|Any CPU.ActiveCfg = Release|Any CPU
		{1CFC76F8-D1E3-47A5-8480-7548224EA4EB}.Release|Any CPU.Build.0 = Release|Any CPU
	EndGlobalSection
	GlobalSection(SolutionProperties) = preSolution
		HideSolutionNode = FALSE
	EndGlobalSection
	GlobalSection(ExtensibilityGlobals) = postSolution
		SolutionGuid = {8181A41A-7A90-4646-9C55-F2761B49A969}
	EndGlobalSection
EndGlobal
